
Microsoft Visual Studio Solution File, Format Version 12.00
# Visual Studio Version 16
VisualStudioVersion = 16.0.30711.63
MinimumVisualStudioVersion = 10.0.40219.1
Project("{9A19103F-16F7-4668-BE54-9A1E7A4F7556}") = "CachingEnabledAPI", "CachingEnabledAPI\CachingEnabledAPI.csproj", "{028592A3-4D66-4BEA-921D-78283C1C8CDF}"
EndProject
Global
	GlobalSection(SolutionConfigurationPlatforms) = preSolution
		Debug|Any CPU = Debug|Any CPU
		Release|Any CPU = Release|Any CPU
	EndGlobalSection
	GlobalSection(ProjectConfigurationPlatforms) = postSolution
		{028592A3-4D66-4BEA-921D-78283C1C8CDF}.Debug|Any CPU.ActiveCfg = Debug|Any CPU
		{028592A3-4D66-4BEA-921D-78283C1C8CDF}.Debug|Any CPU.Build.0 = Debug|Any CPU
		{028592A3-4D66-4BEA-921D-78283C1C8CDF}.Release|Any CPU.ActiveCfg = Release|Any CPU
		{028592A3-4D66-4BEA-921D-78283C1C8CDF}.Release|Any CPU.Build.0 = Release|Any CPU
	EndGlobalSection
	GlobalSection(SolutionProperties) = preSolution
		HideSolutionNode = FALSE
	EndGlobalSection
	GlobalSection(ExtensibilityGlobals) = postSolution
		SolutionGuid = {2672872B-0BCC-43EA-8327-4D3C3C18FF25}
	EndGlobalSection
EndGlobal
